
Microsoft Visual Studio Solution File, Format Version 12.00
# Visual Studio Version 16
VisualStudioVersion = 16.0.29709.97
MinimumVisualStudioVersion = 10.0.40219.1
Project("{FAE04EC0-301F-11D3-BF4B-00C04F79EFBC}") = "Praktikum2", "Praktikum2\Praktikum2.csproj", "{69AA4338-C4C1-4337-AA3C-D113C7F262BF}"
EndProject
Global
	GlobalSection(SolutionConfigurationPlatforms) = preSolution
		Debug|Any CPU = Debug|Any CPU
		Release|Any CPU = Release|Any CPU
	EndGlobalSection
	GlobalSection(ProjectConfigurationPlatforms) = postSolution
		{69AA4338-C4C1-4337-AA3C-D113C7F262BF}.Debug|Any CPU.ActiveCfg = Debug|Any CPU
		{69AA4338-C4C1-4337-AA3C-D113C7F262BF}.Debug|Any CPU.Build.0 = Debug|Any CPU
		{69AA4338-C4C1-4337-AA3C-D113C7F262BF}.Release|Any CPU.ActiveCfg = Release|Any CPU
		{69AA4338-C4C1-4337-AA3C-D113C7F262BF}.Release|Any CPU.Build.0 = Release|Any CPU
	EndGlobalSection
	GlobalSection(SolutionProperties) = preSolution
		HideSolutionNode = FALSE
	EndGlobalSection
	GlobalSection(ExtensibilityGlobals) = postSolution
		SolutionGuid = {E7EF0EC0-0C7F-4AEF-9C59-258F59DB9AA6}
	EndGlobalSection
EndGlobal
